// !$*UTF8*$!
{
	archiveVersion = 1;
	classes = {
	};
	objectVersion = 46;
	objects = {

/* Begin PBXBuildFile section */
		EAE5D2B818B86A55001BB4FB /* Foundation.framework in Frameworks */ = {isa = PBXBuildFile; fileRef = EAE5D2B718B86A55001BB4FB /* Foundation.framework */; };
		EAE5D2BA18B86A55001BB4FB /* CoreGraphics.framework in Frameworks */ = {isa = PBXBuildFile; fileRef = EAE5D2B918B86A55001BB4FB /* CoreGraphics.framework */; };
		EAE5D2BC18B86A55001BB4FB /* UIKit.framework in Frameworks */ = {isa = PBXBuildFile; fileRef = EAE5D2BB18B86A55001BB4FB /* UIKit.framework */; };
		EAE5D2C218B86A55001BB4FB /* InfoPlist.strings in Resources */ = {isa = PBXBuildFile; fileRef = EAE5D2C018B86A55001BB4FB /* InfoPlist.strings */; };
		EAE5D2C418B86A55001BB4FB /* main.m in Sources */ = {isa = PBXBuildFile; fileRef = EAE5D2C318B86A55001BB4FB /* main.m */; };
		EAE5D2C818B86A55001BB4FB /* AppDelegate.m in Sources */ = {isa = PBXBuildFile; fileRef = EAE5D2C718B86A55001BB4FB /* AppDelegate.m */; };
		EAE5D2CB18B86A55001BB4FB /* Main_iPhone.storyboard in Resources */ = {isa = PBXBuildFile; fileRef = EAE5D2C918B86A55001BB4FB /* Main_iPhone.storyboard */; };
		EAE5D2CE18B86A55001BB4FB /* Main_iPad.storyboard in Resources */ = {isa = PBXBuildFile; fileRef = EAE5D2CC18B86A55001BB4FB /* Main_iPad.storyboard */; };
		EAE5D2D118B86A55001BB4FB /* ViewController.m in Sources */ = {isa = PBXBuildFile; fileRef = EAE5D2D018B86A55001BB4FB /* ViewController.m */; };
		EAE5D2D318B86A55001BB4FB /* Images.xcassets in Resources */ = {isa = PBXBuildFile; fileRef = EAE5D2D218B86A55001BB4FB /* Images.xcassets */; };
		EAE5D2FB18B87473001BB4FB /* FMDatabase.m in Sources */ = {isa = PBXBuildFile; fileRef = EAE5D2F218B87473001BB4FB /* FMDatabase.m */; settings = {COMPILER_FLAGS = "-fno-objc-arc"; }; };
		EAE5D2FC18B87473001BB4FB /* FMDatabaseAdditions.m in Sources */ = {isa = PBXBuildFile; fileRef = EAE5D2F418B87473001BB4FB /* FMDatabaseAdditions.m */; settings = {COMPILER_FLAGS = "-fno-objc-arc"; }; };
		EAE5D2FD18B87473001BB4FB /* FMDatabasePool.m in Sources */ = {isa = PBXBuildFile; fileRef = EAE5D2F618B87473001BB4FB /* FMDatabasePool.m */; settings = {COMPILER_FLAGS = "-fno-objc-arc"; }; };
		EAE5D2FE18B87473001BB4FB /* FMDatabaseQueue.m in Sources */ = {isa = PBXBuildFile; fileRef = EAE5D2F818B87473001BB4FB /* FMDatabaseQueue.m */; settings = {COMPILER_FLAGS = "-fno-objc-arc"; }; };
		EAE5D2FF18B87473001BB4FB /* FMResultSet.m in Sources */ = {isa = PBXBuildFile; fileRef = EAE5D2FA18B87473001BB4FB /* FMResultSet.m */; settings = {COMPILER_FLAGS = "-fno-objc-arc"; }; };
		EAE5D30318B87598001BB4FB /* Model.m in Sources */ = {isa = PBXBuildFile; fileRef = EAE5D30218B87598001BB4FB /* Model.m */; };
		EAE5D30618B875A7001BB4FB /* ModelManager.m in Sources */ = {isa = PBXBuildFile; fileRef = EAE5D30518B875A7001BB4FB /* ModelManager.m */; };
		EAE5D30918B875B4001BB4FB /* Util.m in Sources */ = {isa = PBXBuildFile; fileRef = EAE5D30818B875B4001BB4FB /* Util.m */; };
		EAE5D30B18B8772A001BB4FB /* studentdb.sqlite in Resources */ = {isa = PBXBuildFile; fileRef = EAE5D30A18B8772A001BB4FB /* studentdb.sqlite */; };
		EAE5D30D18B87A98001BB4FB /* libsqlite3.0.dylib in Frameworks */ = {isa = PBXBuildFile; fileRef = EAE5D30C18B87A98001BB4FB /* libsqlite3.0.dylib */; };
/* End PBXBuildFile section */

/* Begin PBXFileReference section */
		189840A41EFB7EB40021D59C /* sample.db */ = {isa = PBXFileReference; lastKnownFileType = file; path = sample.db; sourceTree = "<group>"; };
		EAE5D2B418B86A55001BB4FB /* DataBaseDemo.app */ = {isa = PBXFileReference; explicitFileType = wrapper.application; includeInIndex = 0; path = DataBaseDemo.app; sourceTree = BUILT_PRODUCTS_DIR; };
		EAE5D2B718B86A55001BB4FB /* Foundation.framework */ = {isa = PBXFileReference; lastKnownFileType = wrapper.framework; name = Foundation.framework; path = System/Library/Frameworks/Foundation.framework; sourceTree = SDKROOT; };
		EAE5D2B918B86A55001BB4FB /* CoreGraphics.framework */ = {isa = PBXFileReference; lastKnownFileType = wrapper.framework; name = CoreGraphics.framework; path = System/Library/Frameworks/CoreGraphics.framework; sourceTree = SDKROOT; };
		EAE5D2BB18B86A55001BB4FB /* UIKit.framework */ = {isa = PBXFileReference; lastKnownFileType = wrapper.framework; name = UIKit.framework; path = System/Library/Frameworks/UIKit.framework; sourceTree = SDKROOT; };
		EAE5D2BF18B86A55001BB4FB /* DataBaseDemo-Info.plist */ = {isa = PBXFileReference; lastKnownFileType = text.plist.xml; path = "DataBaseDemo-Info.plist"; sourceTree = "<group>"; };
		EAE5D2C118B86A55001BB4FB /* en */ = {isa = PBXFileReference; lastKnownFileType = text.plist.strings; name = en; path = en.lproj/InfoPlist.strings; sourceTree = "<group>"; };
		EAE5D2C318B86A55001BB4FB /* main.m */ = {isa = PBXFileReference; lastKnownFileType = sourcecode.c.objc; path = main.m; sourceTree = "<group>"; };
		EAE5D2C518B86A55001BB4FB /* DataBaseDemo-Prefix.pch */ = {isa = PBXFileReference; lastKnownFileType = sourcecode.c.h; path = "DataBaseDemo-Prefix.pch"; sourceTree = "<group>"; };
		EAE5D2C618B86A55001BB4FB /* AppDelegate.h */ = {isa = PBXFileReference; lastKnownFileType = sourcecode.c.h; path = AppDelegate.h; sourceTree = "<group>"; };
		EAE5D2C718B86A55001BB4FB /* AppDelegate.m */ = {isa = PBXFileReference; lastKnownFileType = sourcecode.c.objc; path = AppDelegate.m; sourceTree = "<group>"; };
		EAE5D2CA18B86A55001BB4FB /* Base */ = {isa = PBXFileReference; lastKnownFileType = file.storyboard; name = Base; path = Base.lproj/Main_iPhone.storyboard; sourceTree = "<group>"; };
		EAE5D2CD18B86A55001BB4FB /* Base */ = {isa = PBXFileReference; lastKnownFileType = file.storyboard; name = Base; path = Base.lproj/Main_iPad.storyboard; sourceTree = "<group>"; };
		EAE5D2CF18B86A55001BB4FB /* ViewController.h */ = {isa = PBXFileReference; lastKnownFileType = sourcecode.c.h; path = ViewController.h; sourceTree = "<group>"; };
		EAE5D2D018B86A55001BB4FB /* ViewController.m */ = {isa = PBXFileReference; lastKnownFileType = sourcecode.c.objc; path = ViewController.m; sourceTree = "<group>"; };
		EAE5D2D218B86A55001BB4FB /* Images.xcassets */ = {isa = PBXFileReference; lastKnownFileType = folder.assetcatalog; path = Images.xcassets; sourceTree = "<group>"; };
		EAE5D2D918B86A55001BB4FB /* XCTest.framework */ = {isa = PBXFileReference; lastKnownFileType = wrapper.framework; name = XCTest.framework; path = Library/Frameworks/XCTest.framework; sourceTree = DEVELOPER_DIR; };
		EAE5D2E118B86A55001BB4FB /* DataBaseDemoTests-Info.plist */ = {isa = PBXFileReference; lastKnownFileType = text.plist.xml; path = "DataBaseDemoTests-Info.plist"; sourceTree = "<group>"; };
		EAE5D2E318B86A55001BB4FB /* en */ = {isa = PBXFileReference; lastKnownFileType = text.plist.strings; name = en; path = en.lproj/InfoPlist.strings; sourceTree = "<group>"; };
		EAE5D2E518B86A55001BB4FB /* DataBaseDemoTests.m */ = {isa = PBXFileReference; lastKnownFileType = sourcecode.c.objc; path = DataBaseDemoTests.m; sourceTree = "<group>"; };
		EAE5D2F118B87473001BB4FB /* FMDatabase.h */ = {isa = PBXFileReference; fileEncoding = 4; lastKnownFileType = sourcecode.c.h; path = FMDatabase.h; sourceTree = "<group>"; };
		EAE5D2F218B87473001BB4FB /* FMDatabase.m */ = {isa = PBXFileReference; fileEncoding = 4; lastKnownFileType = sourcecode.c.objc; path = FMDatabase.m; sourceTree = "<group>"; };
		EAE5D2F318B87473001BB4FB /* FMDatabaseAdditions.h */ = {isa = PBXFileReference; fileEncoding = 4; lastKnownFileType = sourcecode.c.h; path = FMDatabaseAdditions.h; sourceTree = "<group>"; };
		EAE5D2F418B87473001BB4FB /* FMDatabaseAdditions.m */ = {isa = PBXFileReference; fileEncoding = 4; lastKnownFileType = sourcecode.c.objc; path = FMDatabaseAdditions.m; sourceTree = "<group>"; };
		EAE5D2F518B87473001BB4FB /* FMDatabasePool.h */ = {isa = PBXFileReference; fileEncoding = 4; lastKnownFileType = sourcecode.c.h; path = FMDatabasePool.h; sourceTree = "<group>"; };
		EAE5D2F618B87473001BB4FB /* FMDatabasePool.m */ = {isa = PBXFileReference; fileEncoding = 4; lastKnownFileType = sourcecode.c.objc; path = FMDatabasePool.m; sourceTree = "<group>"; };
		EAE5D2F718B87473001BB4FB /* FMDatabaseQueue.h */ = {isa = PBXFileReference; fileEncoding = 4; lastKnownFileType = sourcecode.c.h; path = FMDatabaseQueue.h; sourceTree = "<group>"; };
		EAE5D2F818B87473001BB4FB /* FMDatabaseQueue.m */ = {isa = PBXFileReference; fileEncoding = 4; lastKnownFileType = sourcecode.c.objc; path = FMDatabaseQueue.m; sourceTree = "<group>"; };
		EAE5D2F918B87473001BB4FB /* FMResultSet.h */ = {isa = PBXFileReference; fileEncoding = 4; lastKnownFileType = sourcecode.c.h; path = FMResultSet.h; sourceTree = "<group>"; };
		EAE5D2FA18B87473001BB4FB /* FMResultSet.m */ = {isa = PBXFileReference; fileEncoding = 4; lastKnownFileType = sourcecode.c.objc; path = FMResultSet.m; sourceTree = "<group>"; };
		EAE5D30118B87598001BB4FB /* Model.h */ = {isa = PBXFileReference; fileEncoding = 4; lastKnownFileType = sourcecode.c.h; path = Model.h; sourceTree = "<group>"; };
		EAE5D30218B87598001BB4FB /* Model.m */ = {isa = PBXFileReference; fileEncoding = 4; lastKnownFileType = sourcecode.c.objc; path = Model.m; sourceTree = "<group>"; };
		EAE5D30418B875A7001BB4FB /* ModelManager.h */ = {isa = PBXFileReference; fileEncoding = 4; lastKnownFileType = sourcecode.c.h; path = ModelManager.h; sourceTree = "<group>"; };
		EAE5D30518B875A7001BB4FB /* ModelManager.m */ = {isa = PBXFileReference; fileEncoding = 4; lastKnownFileType = sourcecode.c.objc; path = ModelManager.m; sourceTree = "<group>"; };
		EAE5D30718B875B4001BB4FB /* Util.h */ = {isa = PBXFileReference; fileEncoding = 4; lastKnownFileType = sourcecode.c.h; path = Util.h; sourceTree = "<group>"; };
		EAE5D30818B875B4001BB4FB /* Util.m */ = {isa = PBXFileReference; fileEncoding = 4; lastKnownFileType = sourcecode.c.objc; path = Util.m; sourceTree = "<group>"; };
		EAE5D30A18B8772A001BB4FB /* studentdb.sqlite */ = {isa = PBXFileReference; lastKnownFileType = file; path = studentdb.sqlite; sourceTree = "<group>"; };
		EAE5D30C18B87A98001BB4FB /* libsqlite3.0.dylib */ = {isa = PBXFileReference; lastKnownFileType = "compiled.mach-o.dylib"; name = libsqlite3.0.dylib; path = usr/lib/libsqlite3.0.dylib; sourceTree = SDKROOT; };
/* End PBXFileReference section */

/* Begin PBXFrameworksBuildPhase section */
		EAE5D2B118B86A55001BB4FB /* Frameworks */ = {
			isa = PBXFrameworksBuildPhase;
			buildActionMask = 2147483647;
			files = (
				EAE5D30D18B87A98001BB4FB /* libsqlite3.0.dylib in Frameworks */,
				EAE5D2BA18B86A55001BB4FB /* CoreGraphics.framework in Frameworks */,
				EAE5D2BC18B86A55001BB4FB /* UIKit.framework in Frameworks */,
				EAE5D2B818B86A55001BB4FB /* Foundation.framework in Frameworks */,
			);
			runOnlyForDeploymentPostprocessing = 0;
		};
/* End PBXFrameworksBuildPhase section */

/* Begin PBXGroup section */
		EAE5D2AB18B86A55001BB4FB = {
			isa = PBXGroup;
			children = (
				EAE5D2BD18B86A55001BB4FB /* DataBaseDemo */,
				EAE5D2DF18B86A55001BB4FB /* DataBaseDemoTests */,
				EAE5D2B618B86A55001BB4FB /* Frameworks */,
				EAE5D2B518B86A55001BB4FB /* Products */,
			);
			sourceTree = "<group>";
		};
		EAE5D2B518B86A55001BB4FB /* Products */ = {
			isa = PBXGroup;
			children = (
				EAE5D2B418B86A55001BB4FB /* DataBaseDemo.app */,
			);
			name = Products;
			sourceTree = "<group>";
		};
		EAE5D2B618B86A55001BB4FB /* Frameworks */ = {
			isa = PBXGroup;
			children = (
				EAE5D30C18B87A98001BB4FB /* libsqlite3.0.dylib */,
				EAE5D2B718B86A55001BB4FB /* Foundation.framework */,
				EAE5D2B918B86A55001BB4FB /* CoreGraphics.framework */,
				EAE5D2BB18B86A55001BB4FB /* UIKit.framework */,
				EAE5D2D918B86A55001BB4FB /* XCTest.framework */,
			);
			name = Frameworks;
			sourceTree = "<group>";
		};
		EAE5D2BD18B86A55001BB4FB /* DataBaseDemo */ = {
			isa = PBXGroup;
			children = (
				EAE5D2C618B86A55001BB4FB /* AppDelegate.h */,
				EAE5D2C718B86A55001BB4FB /* AppDelegate.m */,
				EAE5D2C918B86A55001BB4FB /* Main_iPhone.storyboard */,
				EAE5D2CC18B86A55001BB4FB /* Main_iPad.storyboard */,
				EAE5D2CF18B86A55001BB4FB /* ViewController.h */,
				EAE5D2D018B86A55001BB4FB /* ViewController.m */,
				EAE5D2D218B86A55001BB4FB /* Images.xcassets */,
				EAE5D30018B874E4001BB4FB /* Model */,
				EAE5D2EF18B87473001BB4FB /* ThirdParty */,
				EAE5D2BE18B86A55001BB4FB /* Supporting Files */,
			);
			path = DataBaseDemo;
			sourceTree = "<group>";
		};
		EAE5D2BE18B86A55001BB4FB /* Supporting Files */ = {
			isa = PBXGroup;
			children = (
				EAE5D2BF18B86A55001BB4FB /* DataBaseDemo-Info.plist */,
				EAE5D2C018B86A55001BB4FB /* InfoPlist.strings */,
				EAE5D2C318B86A55001BB4FB /* main.m */,
				EAE5D2C518B86A55001BB4FB /* DataBaseDemo-Prefix.pch */,
			);
			name = "Supporting Files";
			sourceTree = "<group>";
		};
		EAE5D2DF18B86A55001BB4FB /* DataBaseDemoTests */ = {
			isa = PBXGroup;
			children = (
				EAE5D2E518B86A55001BB4FB /* DataBaseDemoTests.m */,
				EAE5D2E018B86A55001BB4FB /* Supporting Files */,
			);
			path = DataBaseDemoTests;
			sourceTree = "<group>";
		};
		EAE5D2E018B86A55001BB4FB /* Supporting Files */ = {
			isa = PBXGroup;
			children = (
				EAE5D2E118B86A55001BB4FB /* DataBaseDemoTests-Info.plist */,
				EAE5D2E218B86A55001BB4FB /* InfoPlist.strings */,
			);
			name = "Supporting Files";
			sourceTree = "<group>";
		};
		EAE5D2EF18B87473001BB4FB /* ThirdParty */ = {
			isa = PBXGroup;
			children = (
				EAE5D2F018B87473001BB4FB /* FMDB */,
			);
			path = ThirdParty;
			sourceTree = "<group>";
		};
		EAE5D2F018B87473001BB4FB /* FMDB */ = {
			isa = PBXGroup;
			children = (
				EAE5D2F118B87473001BB4FB /* FMDatabase.h */,
				EAE5D2F218B87473001BB4FB /* FMDatabase.m */,
				EAE5D2F318B87473001BB4FB /* FMDatabaseAdditions.h */,
				EAE5D2F418B87473001BB4FB /* FMDatabaseAdditions.m */,
				EAE5D2F518B87473001BB4FB /* FMDatabasePool.h */,
				EAE5D2F618B87473001BB4FB /* FMDatabasePool.m */,
				EAE5D2F718B87473001BB4FB /* FMDatabaseQueue.h */,
				EAE5D2F818B87473001BB4FB /* FMDatabaseQueue.m */,
				EAE5D2F918B87473001BB4FB /* FMResultSet.h */,
				EAE5D2FA18B87473001BB4FB /* FMResultSet.m */,
			);
			path = FMDB;
			sourceTree = "<group>";
		};
		EAE5D30018B874E4001BB4FB /* Model */ = {
			isa = PBXGroup;
			children = (
				189840A41EFB7EB40021D59C /* sample.db */,
				EAE5D30A18B8772A001BB4FB /* studentdb.sqlite */,
				EAE5D30118B87598001BB4FB /* Model.h */,
				EAE5D30218B87598001BB4FB /* Model.m */,
				EAE5D30418B875A7001BB4FB /* ModelManager.h */,
				EAE5D30518B875A7001BB4FB /* ModelManager.m */,
				EAE5D30718B875B4001BB4FB /* Util.h */,
				EAE5D30818B875B4001BB4FB /* Util.m */,
			);
			path = Model;
			sourceTree = "<group>";
		};
/* End PBXGroup section */

/* Begin PBXNativeTarget section */
		EAE5D2B318B86A55001BB4FB /* DataBaseDemo */ = {
			isa = PBXNativeTarget;
			buildConfigurationList = EAE5D2E918B86A55001BB4FB /* Build configuration list for PBXNativeTarget "DataBaseDemo" */;
			buildPhases = (
				EAE5D2B018B86A55001BB4FB /* Sources */,
				EAE5D2B118B86A55001BB4FB /* Frameworks */,
				EAE5D2B218B86A55001BB4FB /* Resources */,
			);
			buildRules = (
			);
			dependencies = (
			);
			name = DataBaseDemo;
			productName = DataBaseDemo;
			productReference = EAE5D2B418B86A55001BB4FB /* DataBaseDemo.app */;
			productType = "com.apple.product-type.application";
		};
/* End PBXNativeTarget section */

/* Begin PBXProject section */
		EAE5D2AC18B86A55001BB4FB /* Project object */ = {
			isa = PBXProject;
			attributes = {
				LastUpgradeCheck = 0500;
				ORGANIZATIONNAME = "TheAppGuruz-New-6";
			};
			buildConfigurationList = EAE5D2AF18B86A55001BB4FB /* Build configuration list for PBXProject "DataBaseDemo" */;
			compatibilityVersion = "Xcode 3.2";
			developmentRegion = English;
			hasScannedForEncodings = 0;
			knownRegions = (
				en,
				Base,
			);
			mainGroup = EAE5D2AB18B86A55001BB4FB;
			productRefGroup = EAE5D2B518B86A55001BB4FB /* Products */;
			projectDirPath = "";
			projectRoot = "";
			targets = (
				EAE5D2B318B86A55001BB4FB /* DataBaseDemo */,
			);
		};
/* End PBXProject section */

/* Begin PBXResourcesBuildPhase section */
		EAE5D2B218B86A55001BB4FB /* Resources */ = {
			isa = PBXResourcesBuildPhase;
			buildActionMask = 2147483647;
			files = (
				EAE5D2CE18B86A55001BB4FB /* Main_iPad.storyboard in Resources */,
				EAE5D2D318B86A55001BB4FB /* Images.xcassets in Resources */,
				EAE5D2CB18B86A55001BB4FB /* Main_iPhone.storyboard in Resources */,
				EAE5D2C218B86A55001BB4FB /* InfoPlist.strings in Resources */,
				EAE5D30B18B8772A001BB4FB /* studentdb.sqlite in Resources */,
			);
			runOnlyForDeploymentPostprocessing = 0;
		};
/* End PBXResourcesBuildPhase section */

/* Begin PBXSourcesBuildPhase section */
		EAE5D2B018B86A55001BB4FB /* Sources */ = {
			isa = PBXSourcesBuildPhase;
			buildActionMask = 2147483647;
			files = (
				EAE5D2D118B86A55001BB4FB /* ViewController.m in Sources */,
				EAE5D2FD18B87473001BB4FB /* FMDatabasePool.m in Sources */,
				EAE5D2C818B86A55001BB4FB /* AppDelegate.m in Sources */,
				EAE5D30618B875A7001BB4FB /* ModelManager.m in Sources */,
				EAE5D30318B87598001BB4FB /* Model.m in Sources */,
				EAE5D2FE18B87473001BB4FB /* FMDatabaseQueue.m in Sources */,
				EAE5D2C418B86A55001BB4FB /* main.m in Sources */,
				EAE5D2FB18B87473001BB4FB /* FMDatabase.m in Sources */,
				EAE5D30918B875B4001BB4FB /* Util.m in Sources */,
				EAE5D2FF18B87473001BB4FB /* FMResultSet.m in Sources */,
				EAE5D2FC18B87473001BB4FB /* FMDatabaseAdditions.m in Sources */,
			);
			runOnlyForDeploymentPostprocessing = 0;
		};
/* End PBXSourcesBuildPhase section */

/* Begin PBXVariantGroup section */
		EAE5D2C018B86A55001BB4FB /* InfoPlist.strings */ = {
			isa = PBXVariantGroup;
			children = (
				EAE5D2C118B86A55001BB4FB /* en */,
			);
			name = InfoPlist.strings;
			sourceTree = "<group>";
		};
		EAE5D2C918B86A55001BB4FB /* Main_iPhone.storyboard */ = {
			isa = PBXVariantGroup;
			children = (
				EAE5D2CA18B86A55001BB4FB /* Base */,
			);
			name = Main_iPhone.storyboard;
			sourceTree = "<group>";
		};
		EAE5D2CC18B86A55001BB4FB /* Main_iPad.storyboard */ = {
			isa = PBXVariantGroup;
			children = (
				EAE5D2CD18B86A55001BB4FB /* Base */,
			);
			name = Main_iPad.storyboard;
			sourceTree = "<group>";
		};
		EAE5D2E218B86A55001BB4FB /* InfoPlist.strings */ = {
			isa = PBXVariantGroup;
			children = (
				EAE5D2E318B86A55001BB4FB /* en */,
			);
			name = InfoPlist.strings;
			sourceTree = "<group>";
		};
/* End PBXVariantGroup section */

/* Begin XCBuildConfiguration section */
		EAE5D2E718B86A55001BB4FB /* Debug */ = {
			isa = XCBuildConfiguration;
			buildSettings = {
				ALWAYS_SEARCH_USER_PATHS = NO;
				ARCHS = "$(ARCHS_STANDARD_INCLUDING_64_BIT)";
				CLANG_CXX_LANGUAGE_STANDARD = "gnu++0x";
				CLANG_CXX_LIBRARY = "libc++";
				CLANG_ENABLE_MODULES = YES;
				CLANG_ENABLE_OBJC_ARC = YES;
				CLANG_WARN_BOOL_CONVERSION = YES;
				CLANG_WARN_CONSTANT_CONVERSION = YES;
				CLANG_WARN_DIRECT_OBJC_ISA_USAGE = YES_ERROR;
				CLANG_WARN_EMPTY_BODY = YES;
				CLANG_WARN_ENUM_CONVERSION = YES;
				CLANG_WARN_INT_CONVERSION = YES;
				CLANG_WARN_OBJC_ROOT_CLASS = YES_ERROR;
				CLANG_WARN__DUPLICATE_METHOD_MATCH = YES;
				"CODE_SIGN_IDENTITY[sdk=iphoneos*]" = "iPhone Developer";
				COPY_PHASE_STRIP = NO;
				GCC_C_LANGUAGE_STANDARD = gnu99;
				GCC_DYNAMIC_NO_PIC = NO;
				GCC_OPTIMIZATION_LEVEL = 0;
				GCC_PREPROCESSOR_DEFINITIONS = (
					"DEBUG=1",
					"$(inherited)",
				);
				GCC_SYMBOLS_PRIVATE_EXTERN = NO;
				GCC_WARN_64_TO_32_BIT_CONVERSION = YES;
				GCC_WARN_ABOUT_RETURN_TYPE = YES_ERROR;
				GCC_WARN_UNDECLARED_SELECTOR = YES;
				GCC_WARN_UNINITIALIZED_AUTOS = YES;
				GCC_WARN_UNUSED_FUNCTION = YES;
				GCC_WARN_UNUSED_VARIABLE = YES;
				IPHONEOS_DEPLOYMENT_TARGET = 7.0;
				ONLY_ACTIVE_ARCH = YES;
				SDKROOT = iphoneos;
				TARGETED_DEVICE_FAMILY = "1,2";
			};
			name = Debug;
		};
		EAE5D2E818B86A55001BB4FB /* Release */ = {
			isa = XCBuildConfiguration;
			buildSettings = {
				ALWAYS_SEARCH_USER_PATHS = NO;
				ARCHS = "$(ARCHS_STANDARD_INCLUDING_64_BIT)";
				CLANG_CXX_LANGUAGE_STANDARD = "gnu++0x";
				CLANG_CXX_LIBRARY = "libc++";
				CLANG_ENABLE_MODULES = YES;
				CLANG_ENABLE_OBJC_ARC = YES;
				CLANG_WARN_BOOL_CONVERSION = YES;
				CLANG_WARN_CONSTANT_CONVERSION = YES;
				CLANG_WARN_DIRECT_OBJC_ISA_USAGE = YES_ERROR;
				CLANG_WARN_EMPTY_BODY = YES;
				CLANG_WARN_ENUM_CONVERSION = YES;
				CLANG_WARN_INT_CONVERSION = YES;
				CLANG_WARN_OBJC_ROOT_CLASS = YES_ERROR;
				CLANG_WARN__DUPLICATE_METHOD_MATCH = YES;
				"CODE_SIGN_IDENTITY[sdk=iphoneos*]" = "iPhone Developer";
				COPY_PHASE_STRIP = YES;
				ENABLE_NS_ASSERTIONS = NO;
				GCC_C_LANGUAGE_STANDARD = gnu99;
				GCC_WARN_64_TO_32_BIT_CONVERSION = YES;
				GCC_WARN_ABOUT_RETURN_TYPE = YES_ERROR;
				GCC_WARN_UNDECLARED_SELECTOR = YES;
				GCC_WARN_UNINITIALIZED_AUTOS = YES;
				GCC_WARN_UNUSED_FUNCTION = YES;
				GCC_WARN_UNUSED_VARIABLE = YES;
				IPHONEOS_DEPLOYMENT_TARGET = 7.0;
				SDKROOT = iphoneos;
				TARGETED_DEVICE_FAMILY = "1,2";
				VALIDATE_PRODUCT = YES;
			};
			name = Release;
		};
		EAE5D2EA18B86A55001BB4FB /* Debug */ = {
			isa = XCBuildConfiguration;
			buildSettings = {
				ASSETCATALOG_COMPILER_APPICON_NAME = AppIcon;
				ASSETCATALOG_COMPILER_LAUNCHIMAGE_NAME = LaunchImage;
				GCC_PRECOMPILE_PREFIX_HEADER = YES;
				GCC_PREFIX_HEADER = "";
				INFOPLIST_FILE = "DataBaseDemo/DataBaseDemo-Info.plist";
				PRODUCT_NAME = "$(TARGET_NAME)";
				WRAPPER_EXTENSION = app;
			};
			name = Debug;
		};
		EAE5D2EB18B86A55001BB4FB /* Release */ = {
			isa = XCBuildConfiguration;
			buildSettings = {
				ASSETCATALOG_COMPILER_APPICON_NAME = AppIcon;
				ASSETCATALOG_COMPILER_LAUNCHIMAGE_NAME = LaunchImage;
				GCC_PRECOMPILE_PREFIX_HEADER = YES;
				GCC_PREFIX_HEADER = "";
				INFOPLIST_FILE = "DataBaseDemo/DataBaseDemo-Info.plist";
				PRODUCT_NAME = "$(TARGET_NAME)";
				WRAPPER_EXTENSION = app;
			};
			name = Release;
		};
/* End XCBuildConfiguration section */

/* Begin XCConfigurationList section */
		EAE5D2AF18B86A55001BB4FB /* Build configuration list for PBXProject "DataBaseDemo" */ = {
			isa = XCConfigurationList;
			buildConfigurations = (
				EAE5D2E718B86A55001BB4FB /* Debug */,
				EAE5D2E818B86A55001BB4FB /* Release */,
			);
			defaultConfigurationIsVisible = 0;
			defaultConfigurationName = Release;
		};
		EAE5D2E918B86A55001BB4FB /* Build configuration list for PBXNativeTarget "DataBaseDemo" */ = {
			isa = XCConfigurationList;
			buildConfigurations = (
				EAE5D2EA18B86A55001BB4FB /* Debug */,
				EAE5D2EB18B86A55001BB4FB /* Release */,
			);
			defaultConfigurationIsVisible = 0;
			defaultConfigurationName = Release;
		};
/* End XCConfigurationList section */
	};
	rootObject = EAE5D2AC18B86A55001BB4FB /* Project object */;
}
